
Microsoft Visual Studio Solution File, Format Version 12.00
# Visual Studio Version 16
VisualStudioVersion = 16.0.30907.101
MinimumVisualStudioVersion = 10.0.40219.1
Project("{FAE04EC0-301F-11D3-BF4B-00C04F79EFBC}") = "Geometrie_Desenat", "Geometrie_Desenat\Geometrie_Desenat.csproj", "{F9327F15-4338-49B8-AFA1-E237920BBB7C}"
EndProject
Global
	GlobalSection(SolutionConfigurationPlatforms) = preSolution
		Debug|Any CPU = Debug|Any CPU
		Release|Any CPU = Release|Any CPU
	EndGlobalSection
	GlobalSection(ProjectConfigurationPlatforms) = postSolution
		{F9327F15-4338-49B8-AFA1-E237920BBB7C}.Debug|Any CPU.ActiveCfg = Debug|Any CPU
		{F9327F15-4338-49B8-AFA1-E237920BBB7C}.Debug|Any CPU.Build.0 = Debug|Any CPU
		{F9327F15-4338-49B8-AFA1-E237920BBB7C}.Release|Any CPU.ActiveCfg = Release|Any CPU
		{F9327F15-4338-49B8-AFA1-E237920BBB7C}.Release|Any CPU.Build.0 = Release|Any CPU
	EndGlobalSection
	GlobalSection(SolutionProperties) = preSolution
		HideSolutionNode = FALSE
	EndGlobalSection
	GlobalSection(ExtensibilityGlobals) = postSolution
		SolutionGuid = {E6015527-6AC8-427E-886C-1D1F279CF5CD}
	EndGlobalSection
EndGlobal
